
Microsoft Visual Studio Solution File, Format Version 12.00
# Visual Studio Version 17
VisualStudioVersion = 17.2.32616.157
MinimumVisualStudioVersion = 10.0.40219.1
Project("{FAE04EC0-301F-11D3-BF4B-00C04F79EFBC}") = "InterfaceAbstractDemo", "InterfaceAbstractDemo\InterfaceAbstractDemo.csproj", "{D5FA39AC-F377-4D57-B799-304FD350BE3C}"
EndProject
Global
	GlobalSection(SolutionConfigurationPlatforms) = preSolution
		Debug|Any CPU = Debug|Any CPU
		Release|Any CPU = Release|Any CPU
	EndGlobalSection
	GlobalSection(ProjectConfigurationPlatforms) = postSolution
		{D5FA39AC-F377-4D57-B799-304FD350BE3C}.Debug|Any CPU.ActiveCfg = Debug|Any CPU
		{D5FA39AC-F377-4D57-B799-304FD350BE3C}.Debug|Any CPU.Build.0 = Debug|Any CPU
		{D5FA39AC-F377-4D57-B799-304FD350BE3C}.Release|Any CPU.ActiveCfg = Release|Any CPU
		{D5FA39AC-F377-4D57-B799-304FD350BE3C}.Release|Any CPU.Build.0 = Release|Any CPU
	EndGlobalSection
	GlobalSection(SolutionProperties) = preSolution
		HideSolutionNode = FALSE
	EndGlobalSection
	GlobalSection(ExtensibilityGlobals) = postSolution
		SolutionGuid = {D0BA35D5-C692-441A-8161-D61DFE4A8EA0}
	EndGlobalSection
EndGlobal
